
Microsoft Visual Studio Solution File, Format Version 12.00
# Visual Studio Version 17
VisualStudioVersion = 17.14.36518.9 d17.14
MinimumVisualStudioVersion = 10.0.40219.1
Project("{2150E333-8FDC-42A3-9474-1A3956D46DE8}") = "1 - Core", "1 - Core", "{02EA681E-C7D8-13C7-8484-4AC65E1B71E8}"
EndProject
Project("{2150E333-8FDC-42A3-9474-1A3956D46DE8}") = "1.1 - Domain", "1.1 - Domain", "{1F28E01C-E841-4906-A114-083A4A49D197}"
EndProject
Project("{2150E333-8FDC-42A3-9474-1A3956D46DE8}") = "1.2 - Application", "1.2 - Application", "{4FC50567-435B-4249-B49E-64D305BFD69E}"
EndProject
Project("{2150E333-8FDC-42A3-9474-1A3956D46DE8}") = "2 - Infrastructure", "2 - Infrastructure", "{F35298CD-9AF2-4508-81F1-DDE54453A570}"
EndProject
Project("{2150E333-8FDC-42A3-9474-1A3956D46DE8}") = "3 - IoC", "3 - IoC", "{090045E4-5EA0-42B9-A838-41DF049AD379}"
EndProject
Project("{2150E333-8FDC-42A3-9474-1A3956D46DE8}") = "4 - Presentation", "4 - Presentation", "{0C934089-22B3-4273-9783-F7C61AF139EB}"
EndProject
Project("{FAE04EC0-301F-11D3-BF4B-00C04F79EFBC}") = "InstagramClone.Portal.API", "InstagramClone.Portal.API\InstagramClone.Portal.API.csproj", "{DB3EE52F-6A48-4A6D-8C5B-E8BF6F554EC6}"
EndProject
Project("{FAE04EC0-301F-11D3-BF4B-00C04F79EFBC}") = "InstagramClone.Domain", "InstagramClone.Domain\InstagramClone.Domain.csproj", "{FDA4B3B3-A245-4888-A7C7-B8467B40278A}"
EndProject
Project("{FAE04EC0-301F-11D3-BF4B-00C04F79EFBC}") = "InstagramClone.Application.Abstractions", "InstagramClone.Application.Abstractions\InstagramClone.Application.Abstractions.csproj", "{AB0D456D-6988-4F0F-A814-8926A22894CF}"
EndProject
Project("{FAE04EC0-301F-11D3-BF4B-00C04F79EFBC}") = "InstagramClone.Application.Core", "InstagramClone.Application.Core\InstagramClone.Application.Core.csproj", "{6BB2C547-EA99-4EB4-8C5D-D759429786F6}"
EndProject
Project("{FAE04EC0-301F-11D3-BF4B-00C04F79EFBC}") = "InstagramClone.Application.IoC", "InstagramClone.Application.IoC\InstagramClone.Application.IoC.csproj", "{393774CA-022D-4D52-960E-E35F9B5998F2}"
EndProject
Project("{FAE04EC0-301F-11D3-BF4B-00C04F79EFBC}") = "InstagramClone.Infrasctructure", "InstagramClone.Infrasctructure\InstagramClone.Infrasctructure.csproj", "{0841A4D3-C0A4-464E-86A5-E7ED006608F2}"
EndProject
Project("{FAE04EC0-301F-11D3-BF4B-00C04F79EFBC}") = "InstagramClone.Persistence", "InstagramClone.Persistence\InstagramClone.Persistence.csproj", "{F3EA13A1-BF7D-4844-8A31-C4EA136429C8}"
EndProject
Project("{FAE04EC0-301F-11D3-BF4B-00C04F79EFBC}") = "InstagramClone.IoC", "InstagramClone.IoC\InstagramClone.IoC.csproj", "{2119C5EE-4C6B-4606-B840-9BE2636AD4A9}"
EndProject
Project("{2150E333-8FDC-42A3-9474-1A3956D46DE8}") = "5 - Shared", "5 - Shared", "{EC32B254-8FE3-42A0-9EEF-EAE2A2EB62C6}"
EndProject
Project("{FAE04EC0-301F-11D3-BF4B-00C04F79EFBC}") = "InstagramClone.Shared", "InstagramClone.Shared\InstagramClone.Shared.csproj", "{BB322B07-8DFB-44F8-BFD0-3CC24F4EACB2}"
EndProject
Global
	GlobalSection(SolutionConfigurationPlatforms) = preSolution
		Debug|Any CPU = Debug|Any CPU
		Release|Any CPU = Release|Any CPU
	EndGlobalSection
	GlobalSection(ProjectConfigurationPlatforms) = postSolution
		{DB3EE52F-6A48-4A6D-8C5B-E8BF6F554EC6}.Debug|Any CPU.ActiveCfg = Debug|Any CPU
		{DB3EE52F-6A48-4A6D-8C5B-E8BF6F554EC6}.Debug|Any CPU.Build.0 = Debug|Any CPU
		{DB3EE52F-6A48-4A6D-8C5B-E8BF6F554EC6}.Release|Any CPU.ActiveCfg = Release|Any CPU
		{DB3EE52F-6A48-4A6D-8C5B-E8BF6F554EC6}.Release|Any CPU.Build.0 = Release|Any CPU
		{FDA4B3B3-A245-4888-A7C7-B8467B40278A}.Debug|Any CPU.ActiveCfg = Debug|Any CPU
		{FDA4B3B3-A245-4888-A7C7-B8467B40278A}.Debug|Any CPU.Build.0 = Debug|Any CPU
		{FDA4B3B3-A245-4888-A7C7-B8467B40278A}.Release|Any CPU.ActiveCfg = Release|Any CPU
		{FDA4B3B3-A245-4888-A7C7-B8467B40278A}.Release|Any CPU.Build.0 = Release|Any CPU
		{AB0D456D-6988-4F0F-A814-8926A22894CF}.Debug|Any CPU.ActiveCfg = Debug|Any CPU
		{AB0D456D-6988-4F0F-A814-8926A22894CF}.Debug|Any CPU.Build.0 = Debug|Any CPU
		{AB0D456D-6988-4F0F-A814-8926A22894CF}.Release|Any CPU.ActiveCfg = Release|Any CPU
		{AB0D456D-6988-4F0F-A814-8926A22894CF}.Release|Any CPU.Build.0 = Release|Any CPU
		{6BB2C547-EA99-4EB4-8C5D-D759429786F6}.Debug|Any CPU.ActiveCfg = Debug|Any CPU
		{6BB2C547-EA99-4EB4-8C5D-D759429786F6}.Debug|Any CPU.Build.0 = Debug|Any CPU
		{6BB2C547-EA99-4EB4-8C5D-D759429786F6}.Release|Any CPU.ActiveCfg = Release|Any CPU
		{6BB2C547-EA99-4EB4-8C5D-D759429786F6}.Release|Any CPU.Build.0 = Release|Any CPU
		{393774CA-022D-4D52-960E-E35F9B5998F2}.Debug|Any CPU.ActiveCfg = Debug|Any CPU
		{393774CA-022D-4D52-960E-E35F9B5998F2}.Debug|Any CPU.Build.0 = Debug|Any CPU
		{393774CA-022D-4D52-960E-E35F9B5998F2}.Release|Any CPU.ActiveCfg = Release|Any CPU
		{393774CA-022D-4D52-960E-E35F9B5998F2}.Release|Any CPU.Build.0 = Release|Any CPU
		{0841A4D3-C0A4-464E-86A5-E7ED006608F2}.Debug|Any CPU.ActiveCfg = Debug|Any CPU
		{0841A4D3-C0A4-464E-86A5-E7ED006608F2}.Debug|Any CPU.Build.0 = Debug|Any CPU
		{0841A4D3-C0A4-464E-86A5-E7ED006608F2}.Release|Any CPU.ActiveCfg = Release|Any CPU
		{0841A4D3-C0A4-464E-86A5-E7ED006608F2}.Release|Any CPU.Build.0 = Release|Any CPU
		{F3EA13A1-BF7D-4844-8A31-C4EA136429C8}.Debug|Any CPU.ActiveCfg = Debug|Any CPU
		{F3EA13A1-BF7D-4844-8A31-C4EA136429C8}.Debug|Any CPU.Build.0 = Debug|Any CPU
		{F3EA13A1-BF7D-4844-8A31-C4EA136429C8}.Release|Any CPU.ActiveCfg = Release|Any CPU
		{F3EA13A1-BF7D-4844-8A31-C4EA136429C8}.Release|Any CPU.Build.0 = Release|Any CPU
		{2119C5EE-4C6B-4606-B840-9BE2636AD4A9}.Debug|Any CPU.ActiveCfg = Debug|Any CPU
		{2119C5EE-4C6B-4606-B840-9BE2636AD4A9}.Debug|Any CPU.Build.0 = Debug|Any CPU
		{2119C5EE-4C6B-4606-B840-9BE2636AD4A9}.Release|Any CPU.ActiveCfg = Release|Any CPU
		{2119C5EE-4C6B-4606-B840-9BE2636AD4A9}.Release|Any CPU.Build.0 = Release|Any CPU
		{BB322B07-8DFB-44F8-BFD0-3CC24F4EACB2}.Debug|Any CPU.ActiveCfg = Debug|Any CPU
		{BB322B07-8DFB-44F8-BFD0-3CC24F4EACB2}.Debug|Any CPU.Build.0 = Debug|Any CPU
		{BB322B07-8DFB-44F8-BFD0-3CC24F4EACB2}.Release|Any CPU.ActiveCfg = Release|Any CPU
		{BB322B07-8DFB-44F8-BFD0-3CC24F4EACB2}.Release|Any CPU.Build.0 = Release|Any CPU
	EndGlobalSection
	GlobalSection(SolutionProperties) = preSolution
		HideSolutionNode = FALSE
	EndGlobalSection
	GlobalSection(NestedProjects) = preSolution
		{1F28E01C-E841-4906-A114-083A4A49D197} = {02EA681E-C7D8-13C7-8484-4AC65E1B71E8}
		{4FC50567-435B-4249-B49E-64D305BFD69E} = {02EA681E-C7D8-13C7-8484-4AC65E1B71E8}
		{DB3EE52F-6A48-4A6D-8C5B-E8BF6F554EC6} = {0C934089-22B3-4273-9783-F7C61AF139EB}
		{FDA4B3B3-A245-4888-A7C7-B8467B40278A} = {1F28E01C-E841-4906-A114-083A4A49D197}
		{AB0D456D-6988-4F0F-A814-8926A22894CF} = {4FC50567-435B-4249-B49E-64D305BFD69E}
		{6BB2C547-EA99-4EB4-8C5D-D759429786F6} = {4FC50567-435B-4249-B49E-64D305BFD69E}
		{393774CA-022D-4D52-960E-E35F9B5998F2} = {4FC50567-435B-4249-B49E-64D305BFD69E}
		{0841A4D3-C0A4-464E-86A5-E7ED006608F2} = {F35298CD-9AF2-4508-81F1-DDE54453A570}
		{F3EA13A1-BF7D-4844-8A31-C4EA136429C8} = {F35298CD-9AF2-4508-81F1-DDE54453A570}
		{2119C5EE-4C6B-4606-B840-9BE2636AD4A9} = {090045E4-5EA0-42B9-A838-41DF049AD379}
		{BB322B07-8DFB-44F8-BFD0-3CC24F4EACB2} = {EC32B254-8FE3-42A0-9EEF-EAE2A2EB62C6}
	EndGlobalSection
	GlobalSection(ExtensibilityGlobals) = postSolution
		SolutionGuid = {D7E1152B-A502-4F8D-A8E1-E21F7195CBC3}
	EndGlobalSection
EndGlobal
